
Microsoft Visual Studio Solution File, Format Version 12.00
# Visual Studio Version 17
VisualStudioVersion = 17.0.31912.275
MinimumVisualStudioVersion = 10.0.40219.1
Project("{FAE04EC0-301F-11D3-BF4B-00C04F79EFBC}") = "Archive", "Archive\Archive.csproj", "{92CCF444-C45E-4262-B8CA-A2D255A44E6C}"
EndProject
Global
	GlobalSection(SolutionConfigurationPlatforms) = preSolution
		Debug|Any CPU = Debug|Any CPU
		Release|Any CPU = Release|Any CPU
	EndGlobalSection
	GlobalSection(ProjectConfigurationPlatforms) = postSolution
		{92CCF444-C45E-4262-B8CA-A2D255A44E6C}.Debug|Any CPU.ActiveCfg = Debug|Any CPU
		{92CCF444-C45E-4262-B8CA-A2D255A44E6C}.Debug|Any CPU.Build.0 = Debug|Any CPU
		{92CCF444-C45E-4262-B8CA-A2D255A44E6C}.Release|Any CPU.ActiveCfg = Release|Any CPU
		{92CCF444-C45E-4262-B8CA-A2D255A44E6C}.Release|Any CPU.Build.0 = Release|Any CPU
	EndGlobalSection
	GlobalSection(SolutionProperties) = preSolution
		HideSolutionNode = FALSE
	EndGlobalSection
	GlobalSection(ExtensibilityGlobals) = postSolution
		SolutionGuid = {A0144474-B604-4936-B088-55EA98541E2C}
	EndGlobalSection
EndGlobal
